// !$*UTF8*$!
{
	archiveVersion = 1;
	classes = {
	};
	objectVersion = 50;
	objects = {

/* Begin PBXBuildFile section */
		CD169B0C2113A9DC006D61C5 /* Sodium.framework in Embed Frameworks */ = {isa = PBXBuildFile; fileRef = CD5B2347210A4D970008A5A5 /* Sodium.framework */; settings = {ATTRIBUTES = (CodeSignOnCopy, RemoveHeadersOnCopy, ); }; };
		CD169B112113B4F0006D61C5 /* ShowMeetingSpaceViewController.swift in Sources */ = {isa = PBXBuildFile; fileRef = CD169B102113B4F0006D61C5 /* ShowMeetingSpaceViewController.swift */; };
		CD210A6B20FE84FB00C37568 /* ViewDesignable.swift in Sources */ = {isa = PBXBuildFile; fileRef = CD210A6A20FE84FB00C37568 /* ViewDesignable.swift */; };
		CD210A6D20FE8B5A00C37568 /* UITextFieldDesignable.swift in Sources */ = {isa = PBXBuildFile; fileRef = CD210A6C20FE8B5A00C37568 /* UITextFieldDesignable.swift */; };
		CD210A6F20FE8D6700C37568 /* ButtonDesignable.swift in Sources */ = {isa = PBXBuildFile; fileRef = CD210A6E20FE8D6700C37568 /* ButtonDesignable.swift */; };
		CD210A7220FEC74100C37568 /* StatusSenderProtocol.swift in Sources */ = {isa = PBXBuildFile; fileRef = CD210A7120FEC74000C37568 /* StatusSenderProtocol.swift */; };
		CD210A7420FEC80700C37568 /* MainMenuViewController.swift in Sources */ = {isa = PBXBuildFile; fileRef = CD210A7320FEC80700C37568 /* MainMenuViewController.swift */; };
		CD36AED82116BF2100536AAF /* CustomColor.swift in Sources */ = {isa = PBXBuildFile; fileRef = CD36AED72116BF2100536AAF /* CustomColor.swift */; };
		CD3FCD2E20E53BF00050C682 /* AppDelegate.swift in Sources */ = {isa = PBXBuildFile; fileRef = CD3FCD2D20E53BF00050C682 /* AppDelegate.swift */; };
		CD3FCD3320E53BF00050C682 /* Main.storyboard in Resources */ = {isa = PBXBuildFile; fileRef = CD3FCD3120E53BF00050C682 /* Main.storyboard */; };
		CD3FCD3520E53BF20050C682 /* Assets.xcassets in Resources */ = {isa = PBXBuildFile; fileRef = CD3FCD3420E53BF20050C682 /* Assets.xcassets */; };
		CD3FCD3820E53BF20050C682 /* LaunchScreen.storyboard in Resources */ = {isa = PBXBuildFile; fileRef = CD3FCD3620E53BF20050C682 /* LaunchScreen.storyboard */; };
		CD3FCD4020E540040050C682 /* RegistrationViewController.swift in Sources */ = {isa = PBXBuildFile; fileRef = CD3FCD3F20E540040050C682 /* RegistrationViewController.swift */; };
		CD3FCD4320E5516A0050C682 /* NetworkController.swift in Sources */ = {isa = PBXBuildFile; fileRef = CD3FCD4220E5516A0050C682 /* NetworkController.swift */; };
		CD3FCD4520E5562A0050C682 /* OpenServerNetworkController.swift in Sources */ = {isa = PBXBuildFile; fileRef = CD3FCD4420E5562A0050C682 /* OpenServerNetworkController.swift */; };
		CD3FCD4720E561190050C682 /* User.swift in Sources */ = {isa = PBXBuildFile; fileRef = CD3FCD4620E561190050C682 /* User.swift */; };
		CD558B37210576C500D3C91E /* HideKeyboard.swift in Sources */ = {isa = PBXBuildFile; fileRef = CD558B36210576C500D3C91E /* HideKeyboard.swift */; };
		CD5B233B210A46B20008A5A5 /* OpenServerControllerTest.swift in Sources */ = {isa = PBXBuildFile; fileRef = CD5B233A210A46B20008A5A5 /* OpenServerControllerTest.swift */; };
		CD5B233D210A46ED0008A5A5 /* UserTest.swift in Sources */ = {isa = PBXBuildFile; fileRef = CD5B233C210A46ED0008A5A5 /* UserTest.swift */; };
		CD791B08211796EC005BC304 /* MeetingSpacesTableViewController.swift in Sources */ = {isa = PBXBuildFile; fileRef = CD791B07211796EC005BC304 /* MeetingSpacesTableViewController.swift */; };
		CD791B0E21179B51005BC304 /* CurrentUserUITabView.swift in Sources */ = {isa = PBXBuildFile; fileRef = CD791B0D21179B51005BC304 /* CurrentUserUITabView.swift */; };
		CD8E00EE20EAF7E300B8155E /* LoginViewController.swift in Sources */ = {isa = PBXBuildFile; fileRef = CD8E00ED20EAF7E300B8155E /* LoginViewController.swift */; };
		CD8F7F2C2112582600C9080B /* PlaceManager.swift in Sources */ = {isa = PBXBuildFile; fileRef = CD8F7F2B2112582600C9080B /* PlaceManager.swift */; };
		CDA0443C20EFEBDA002F2F87 /* MapKit.framework in Frameworks */ = {isa = PBXBuildFile; fileRef = CDA0443B20EFEBDA002F2F87 /* MapKit.framework */; };
		CDA0443E20EFED88002F2F87 /* MapViewController.swift in Sources */ = {isa = PBXBuildFile; fileRef = CDA0443D20EFED88002F2F87 /* MapViewController.swift */; };
		CDA0444120EFF120002F2F87 /* MapController.swift in Sources */ = {isa = PBXBuildFile; fileRef = CDA0444020EFF120002F2F87 /* MapController.swift */; };
		CDB92B1620FBBF91005162B5 /* StatusLabelDesignable.swift in Sources */ = {isa = PBXBuildFile; fileRef = CDB92B1520FBBF91005162B5 /* StatusLabelDesignable.swift */; };
		CDBB36F92104C8B100EA090E /* MeetMeApp.storyboard in Resources */ = {isa = PBXBuildFile; fileRef = CDBB36F82104C8B100EA090E /* MeetMeApp.storyboard */; };
		CDBB36FF2104F5B100EA090E /* CreateMeetingSpaceViewController.swift in Sources */ = {isa = PBXBuildFile; fileRef = CDBB36FE2104F5B100EA090E /* CreateMeetingSpaceViewController.swift */; };
		CDBB370321051F6B00EA090E /* Place.swift in Sources */ = {isa = PBXBuildFile; fileRef = CDBB370221051F6B00EA090E /* Place.swift */; };
/* End PBXBuildFile section */

/* Begin PBXContainerItemProxy section */
		CD169B0D2113A9DC006D61C5 /* PBXContainerItemProxy */ = {
			isa = PBXContainerItemProxy;
			containerPortal = CD5B233E210A4D970008A5A5 /* Sodium.xcodeproj */;
			proxyType = 1;
			remoteGlobalIDString = 09A943C61A4EB5F500C8A04F;
			remoteInfo = Sodium_iOS;
		};
		CD5B2334210A46540008A5A5 /* PBXContainerItemProxy */ = {
			isa = PBXContainerItemProxy;
			containerPortal = CD3FCD2220E53BF00050C682 /* Project object */;
			proxyType = 1;
			remoteGlobalIDString = CD3FCD2920E53BF00050C682;
			remoteInfo = MeetMeApp;
		};
		CD5B2346210A4D970008A5A5 /* PBXContainerItemProxy */ = {
			isa = PBXContainerItemProxy;
			containerPortal = CD5B233E210A4D970008A5A5 /* Sodium.xcodeproj */;
			proxyType = 2;
			remoteGlobalIDString = 09A943C71A4EB5F500C8A04F;
			remoteInfo = Sodium_iOS;
		};
		CD5B2348210A4D970008A5A5 /* PBXContainerItemProxy */ = {
			isa = PBXContainerItemProxy;
			containerPortal = CD5B233E210A4D970008A5A5 /* Sodium.xcodeproj */;
			proxyType = 2;
			remoteGlobalIDString = 09A943D21A4EB5F500C8A04F;
			remoteInfo = SodiumTests;
		};
		CD5B234A210A4D970008A5A5 /* PBXContainerItemProxy */ = {
			isa = PBXContainerItemProxy;
			containerPortal = CD5B233E210A4D970008A5A5 /* Sodium.xcodeproj */;
			proxyType = 2;
			remoteGlobalIDString = 90C75E941AE3571900F1E749;
			remoteInfo = Sodium_OSX;
		};
		CD5B234C210A4D970008A5A5 /* PBXContainerItemProxy */ = {
			isa = PBXContainerItemProxy;
			containerPortal = CD5B233E210A4D970008A5A5 /* Sodium.xcodeproj */;
			proxyType = 2;
			remoteGlobalIDString = 901644B61AE36EA700163E3E;
			remoteInfo = "Example iOS";
		};
		CD5B234E210A4D970008A5A5 /* PBXContainerItemProxy */ = {
			isa = PBXContainerItemProxy;
			containerPortal = CD5B233E210A4D970008A5A5 /* Sodium.xcodeproj */;
			proxyType = 2;
			remoteGlobalIDString = 901644DC1AE36F2D00163E3E;
			remoteInfo = "Example OSX";
		};
/* End PBXContainerItemProxy section */

/* Begin PBXCopyFilesBuildPhase section */
		CD169B0F2113A9DC006D61C5 /* Embed Frameworks */ = {
			isa = PBXCopyFilesBuildPhase;
			buildActionMask = 2147483647;
			dstPath = "";
			dstSubfolderSpec = 10;
			files = (
				CD169B0C2113A9DC006D61C5 /* Sodium.framework in Embed Frameworks */,
			);
			name = "Embed Frameworks";
			runOnlyForDeploymentPostprocessing = 0;
		};
/* End PBXCopyFilesBuildPhase section */

/* Begin PBXFileReference section */
		CD169B102113B4F0006D61C5 /* ShowMeetingSpaceViewController.swift */ = {isa = PBXFileReference; lastKnownFileType = sourcecode.swift; path = ShowMeetingSpaceViewController.swift; sourceTree = "<group>"; };
		CD210A6A20FE84FB00C37568 /* ViewDesignable.swift */ = {isa = PBXFileReference; lastKnownFileType = sourcecode.swift; path = ViewDesignable.swift; sourceTree = "<group>"; };
		CD210A6C20FE8B5A00C37568 /* UITextFieldDesignable.swift */ = {isa = PBXFileReference; lastKnownFileType = sourcecode.swift; path = UITextFieldDesignable.swift; sourceTree = "<group>"; };
		CD210A6E20FE8D6700C37568 /* ButtonDesignable.swift */ = {isa = PBXFileReference; lastKnownFileType = sourcecode.swift; path = ButtonDesignable.swift; sourceTree = "<group>"; };
		CD210A7120FEC74000C37568 /* StatusSenderProtocol.swift */ = {isa = PBXFileReference; lastKnownFileType = sourcecode.swift; path = StatusSenderProtocol.swift; sourceTree = "<group>"; };
		CD210A7320FEC80700C37568 /* MainMenuViewController.swift */ = {isa = PBXFileReference; lastKnownFileType = sourcecode.swift; path = MainMenuViewController.swift; sourceTree = "<group>"; };
		CD36AED72116BF2100536AAF /* CustomColor.swift */ = {isa = PBXFileReference; lastKnownFileType = sourcecode.swift; path = CustomColor.swift; sourceTree = "<group>"; };
		CD3FCD2A20E53BF00050C682 /* MeetMeApp.app */ = {isa = PBXFileReference; explicitFileType = wrapper.application; includeInIndex = 0; path = MeetMeApp.app; sourceTree = BUILT_PRODUCTS_DIR; };
		CD3FCD2D20E53BF00050C682 /* AppDelegate.swift */ = {isa = PBXFileReference; lastKnownFileType = sourcecode.swift; path = AppDelegate.swift; sourceTree = "<group>"; };
		CD3FCD3220E53BF00050C682 /* Base */ = {isa = PBXFileReference; lastKnownFileType = file.storyboard; name = Base; path = Base.lproj/Main.storyboard; sourceTree = "<group>"; };
		CD3FCD3420E53BF20050C682 /* Assets.xcassets */ = {isa = PBXFileReference; lastKnownFileType = folder.assetcatalog; path = Assets.xcassets; sourceTree = "<group>"; };
		CD3FCD3720E53BF20050C682 /* Base */ = {isa = PBXFileReference; lastKnownFileType = file.storyboard; name = Base; path = Base.lproj/LaunchScreen.storyboard; sourceTree = "<group>"; };
		CD3FCD3920E53BF20050C682 /* Info.plist */ = {isa = PBXFileReference; lastKnownFileType = text.plist.xml; path = Info.plist; sourceTree = "<group>"; };
		CD3FCD3F20E540040050C682 /* RegistrationViewController.swift */ = {isa = PBXFileReference; lastKnownFileType = sourcecode.swift; path = RegistrationViewController.swift; sourceTree = "<group>"; };
		CD3FCD4220E5516A0050C682 /* NetworkController.swift */ = {isa = PBXFileReference; lastKnownFileType = sourcecode.swift; path = NetworkController.swift; sourceTree = "<group>"; };
		CD3FCD4420E5562A0050C682 /* OpenServerNetworkController.swift */ = {isa = PBXFileReference; lastKnownFileType = sourcecode.swift; path = OpenServerNetworkController.swift; sourceTree = "<group>"; };
		CD3FCD4620E561190050C682 /* User.swift */ = {isa = PBXFileReference; lastKnownFileType = sourcecode.swift; path = User.swift; sourceTree = "<group>"; };
		CD558B36210576C500D3C91E /* HideKeyboard.swift */ = {isa = PBXFileReference; lastKnownFileType = sourcecode.swift; path = HideKeyboard.swift; sourceTree = "<group>"; };
		CD5B232F210A46540008A5A5 /* MeetMeAppTests.xctest */ = {isa = PBXFileReference; explicitFileType = wrapper.cfbundle; includeInIndex = 0; path = MeetMeAppTests.xctest; sourceTree = BUILT_PRODUCTS_DIR; };
		CD5B2333210A46540008A5A5 /* Info.plist */ = {isa = PBXFileReference; lastKnownFileType = text.plist.xml; path = Info.plist; sourceTree = "<group>"; };
		CD5B233A210A46B20008A5A5 /* OpenServerControllerTest.swift */ = {isa = PBXFileReference; lastKnownFileType = sourcecode.swift; path = OpenServerControllerTest.swift; sourceTree = "<group>"; };
		CD5B233C210A46ED0008A5A5 /* UserTest.swift */ = {isa = PBXFileReference; lastKnownFileType = sourcecode.swift; path = UserTest.swift; sourceTree = "<group>"; };
		CD5B233E210A4D970008A5A5 /* Sodium.xcodeproj */ = {isa = PBXFileReference; lastKnownFileType = "wrapper.pb-project"; name = Sodium.xcodeproj; path = "../../../Documents/SWIFT/swift-sodium/Sodium.xcodeproj"; sourceTree = "<group>"; };
		CD791B07211796EC005BC304 /* MeetingSpacesTableViewController.swift */ = {isa = PBXFileReference; lastKnownFileType = sourcecode.swift; path = MeetingSpacesTableViewController.swift; sourceTree = "<group>"; };
		CD791B0D21179B51005BC304 /* CurrentUserUITabView.swift */ = {isa = PBXFileReference; lastKnownFileType = sourcecode.swift; path = CurrentUserUITabView.swift; sourceTree = "<group>"; };
		CD8E00ED20EAF7E300B8155E /* LoginViewController.swift */ = {isa = PBXFileReference; lastKnownFileType = sourcecode.swift; path = LoginViewController.swift; sourceTree = "<group>"; };
		CD8F7F2B2112582600C9080B /* PlaceManager.swift */ = {isa = PBXFileReference; lastKnownFileType = sourcecode.swift; path = PlaceManager.swift; sourceTree = "<group>"; };
		CDA0443B20EFEBDA002F2F87 /* MapKit.framework */ = {isa = PBXFileReference; lastKnownFileType = wrapper.framework; name = MapKit.framework; path = System/Library/Frameworks/MapKit.framework; sourceTree = SDKROOT; };
		CDA0443D20EFED88002F2F87 /* MapViewController.swift */ = {isa = PBXFileReference; lastKnownFileType = sourcecode.swift; path = MapViewController.swift; sourceTree = "<group>"; };
		CDA0444020EFF120002F2F87 /* MapController.swift */ = {isa = PBXFileReference; lastKnownFileType = sourcecode.swift; path = MapController.swift; sourceTree = "<group>"; };
		CDB92B1520FBBF91005162B5 /* StatusLabelDesignable.swift */ = {isa = PBXFileReference; lastKnownFileType = sourcecode.swift; path = StatusLabelDesignable.swift; sourceTree = "<group>"; };
		CDBB36F82104C8B100EA090E /* MeetMeApp.storyboard */ = {isa = PBXFileReference; fileEncoding = 4; lastKnownFileType = file.storyboard; path = MeetMeApp.storyboard; sourceTree = "<group>"; };
		CDBB36FE2104F5B100EA090E /* CreateMeetingSpaceViewController.swift */ = {isa = PBXFileReference; lastKnownFileType = sourcecode.swift; path = CreateMeetingSpaceViewController.swift; sourceTree = "<group>"; };
		CDBB370221051F6B00EA090E /* Place.swift */ = {isa = PBXFileReference; lastKnownFileType = sourcecode.swift; path = Place.swift; sourceTree = "<group>"; };
/* End PBXFileReference section */

/* Begin PBXFrameworksBuildPhase section */
		CD3FCD2720E53BF00050C682 /* Frameworks */ = {
			isa = PBXFrameworksBuildPhase;
			buildActionMask = 2147483647;
			files = (
				CDA0443C20EFEBDA002F2F87 /* MapKit.framework in Frameworks */,
			);
			runOnlyForDeploymentPostprocessing = 0;
		};
		CD5B232C210A46540008A5A5 /* Frameworks */ = {
			isa = PBXFrameworksBuildPhase;
			buildActionMask = 2147483647;
			files = (
			);
			runOnlyForDeploymentPostprocessing = 0;
		};
/* End PBXFrameworksBuildPhase section */

/* Begin PBXGroup section */
		CD210A7020FEC72900C37568 /* Protocols */ = {
			isa = PBXGroup;
			children = (
				CD210A7120FEC74000C37568 /* StatusSenderProtocol.swift */,
				CD791B0D21179B51005BC304 /* CurrentUserUITabView.swift */,
			);
			path = Protocols;
			sourceTree = "<group>";
		};
		CD3FCD2120E53BF00050C682 = {
			isa = PBXGroup;
			children = (
				CD3FCD2C20E53BF00050C682 /* MeetMeApp */,
				CD5B2330210A46540008A5A5 /* MeetMeAppTests */,
				CD3FCD2B20E53BF00050C682 /* Products */,
				CDA0443A20EFEBDA002F2F87 /* Frameworks */,
			);
			sourceTree = "<group>";
		};
		CD3FCD2B20E53BF00050C682 /* Products */ = {
			isa = PBXGroup;
			children = (
				CD3FCD2A20E53BF00050C682 /* MeetMeApp.app */,
				CD5B232F210A46540008A5A5 /* MeetMeAppTests.xctest */,
			);
			name = Products;
			sourceTree = "<group>";
		};
		CD3FCD2C20E53BF00050C682 /* MeetMeApp */ = {
			isa = PBXGroup;
			children = (
				CD210A7020FEC72900C37568 /* Protocols */,
				CDB92B1220FB8E45005162B5 /* UI */,
				CDA0443F20EFF101002F2F87 /* Map */,
				CD3FCD4120E5514C0050C682 /* Networking */,
				CDBB36FB2104C8F000EA090E /* Storyboards */,
				CDBB36FA2104C8C500EA090E /* Views */,
				CD3FCD2D20E53BF00050C682 /* AppDelegate.swift */,
				CD3FCD3420E53BF20050C682 /* Assets.xcassets */,
				CD3FCD3920E53BF20050C682 /* Info.plist */,
				CD3FCD4620E561190050C682 /* User.swift */,
				CDBB370221051F6B00EA090E /* Place.swift */,
				CD8F7F2B2112582600C9080B /* PlaceManager.swift */,
			);
			path = MeetMeApp;
			sourceTree = "<group>";
		};
		CD3FCD4120E5514C0050C682 /* Networking */ = {
			isa = PBXGroup;
			children = (
				CD3FCD4220E5516A0050C682 /* NetworkController.swift */,
				CD3FCD4420E5562A0050C682 /* OpenServerNetworkController.swift */,
			);
			path = Networking;
			sourceTree = "<group>";
		};
		CD5B2330210A46540008A5A5 /* MeetMeAppTests */ = {
			isa = PBXGroup;
			children = (
				CD5B2339210A467D0008A5A5 /* NetworkingTests */,
				CD5B2333210A46540008A5A5 /* Info.plist */,
				CD5B233C210A46ED0008A5A5 /* UserTest.swift */,
			);
			path = MeetMeAppTests;
			sourceTree = "<group>";
		};
		CD5B2339210A467D0008A5A5 /* NetworkingTests */ = {
			isa = PBXGroup;
			children = (
				CD5B233A210A46B20008A5A5 /* OpenServerControllerTest.swift */,
			);
			path = NetworkingTests;
			sourceTree = "<group>";
		};
		CD5B233F210A4D970008A5A5 /* Products */ = {
			isa = PBXGroup;
			children = (
				CD5B2347210A4D970008A5A5 /* Sodium.framework */,
				CD5B2349210A4D970008A5A5 /* SodiumTests.xctest */,
				CD5B234B210A4D970008A5A5 /* Sodium.framework */,
				CD5B234D210A4D970008A5A5 /* Example iOS.app */,
				CD5B234F210A4D970008A5A5 /* Example OSX.app */,
			);
			name = Products;
			sourceTree = "<group>";
		};
		CDA0443A20EFEBDA002F2F87 /* Frameworks */ = {
			isa = PBXGroup;
			children = (
				CD5B233E210A4D970008A5A5 /* Sodium.xcodeproj */,
				CDA0443B20EFEBDA002F2F87 /* MapKit.framework */,
			);
			name = Frameworks;
			sourceTree = "<group>";
		};
		CDA0443F20EFF101002F2F87 /* Map */ = {
			isa = PBXGroup;
			children = (
				CDA0444020EFF120002F2F87 /* MapController.swift */,
			);
			path = Map;
			sourceTree = "<group>";
		};
		CDB92B1220FB8E45005162B5 /* UI */ = {
			isa = PBXGroup;
			children = (
				CDB92B1520FBBF91005162B5 /* StatusLabelDesignable.swift */,
				CD210A6A20FE84FB00C37568 /* ViewDesignable.swift */,
				CD210A6C20FE8B5A00C37568 /* UITextFieldDesignable.swift */,
				CD210A6E20FE8D6700C37568 /* ButtonDesignable.swift */,
				CD558B36210576C500D3C91E /* HideKeyboard.swift */,
				CD36AED72116BF2100536AAF /* CustomColor.swift */,
			);
			path = UI;
			sourceTree = "<group>";
		};
		CDBB36FA2104C8C500EA090E /* Views */ = {
			isa = PBXGroup;
			children = (
				CD3FCD3F20E540040050C682 /* RegistrationViewController.swift */,
				CD8E00ED20EAF7E300B8155E /* LoginViewController.swift */,
				CDA0443D20EFED88002F2F87 /* MapViewController.swift */,
				CD210A7320FEC80700C37568 /* MainMenuViewController.swift */,
				CDBB36FE2104F5B100EA090E /* CreateMeetingSpaceViewController.swift */,
				CD169B102113B4F0006D61C5 /* ShowMeetingSpaceViewController.swift */,
				CD791B07211796EC005BC304 /* MeetingSpacesTableViewController.swift */,
			);
			path = Views;
			sourceTree = "<group>";
		};
		CDBB36FB2104C8F000EA090E /* Storyboards */ = {
			isa = PBXGroup;
			children = (
				CDBB36F82104C8B100EA090E /* MeetMeApp.storyboard */,
				CD3FCD3120E53BF00050C682 /* Main.storyboard */,
				CD3FCD3620E53BF20050C682 /* LaunchScreen.storyboard */,
			);
			path = Storyboards;
			sourceTree = "<group>";
		};
/* End PBXGroup section */

/* Begin PBXNativeTarget section */
		CD3FCD2920E53BF00050C682 /* MeetMeApp */ = {
			isa = PBXNativeTarget;
			buildConfigurationList = CD3FCD3C20E53BF20050C682 /* Build configuration list for PBXNativeTarget "MeetMeApp" */;
			buildPhases = (
				CD3FCD2620E53BF00050C682 /* Sources */,
				CD3FCD2720E53BF00050C682 /* Frameworks */,
				CD3FCD2820E53BF00050C682 /* Resources */,
				CD169B0F2113A9DC006D61C5 /* Embed Frameworks */,
			);
			buildRules = (
			);
			dependencies = (
				CD169B0E2113A9DC006D61C5 /* PBXTargetDependency */,
			);
			name = MeetMeApp;
			productName = MeetMeApp;
			productReference = CD3FCD2A20E53BF00050C682 /* MeetMeApp.app */;
			productType = "com.apple.product-type.application";
		};
		CD5B232E210A46540008A5A5 /* MeetMeAppTests */ = {
			isa = PBXNativeTarget;
			buildConfigurationList = CD5B2338210A46540008A5A5 /* Build configuration list for PBXNativeTarget "MeetMeAppTests" */;
			buildPhases = (
				CD5B232B210A46540008A5A5 /* Sources */,
				CD5B232C210A46540008A5A5 /* Frameworks */,
				CD5B232D210A46540008A5A5 /* Resources */,
			);
			buildRules = (
			);
			dependencies = (
				CD5B2335210A46540008A5A5 /* PBXTargetDependency */,
			);
			name = MeetMeAppTests;
			productName = MeetMeAppTests;
			productReference = CD5B232F210A46540008A5A5 /* MeetMeAppTests.xctest */;
			productType = "com.apple.product-type.bundle.unit-test";
		};
/* End PBXNativeTarget section */

/* Begin PBXProject section */
		CD3FCD2220E53BF00050C682 /* Project object */ = {
			isa = PBXProject;
			attributes = {
				LastSwiftUpdateCheck = 0940;
				LastUpgradeCheck = 0940;
				ORGANIZATIONNAME = "Bogdan Nikolaev";
				TargetAttributes = {
					CD3FCD2920E53BF00050C682 = {
						CreatedOnToolsVersion = 9.4.1;
						LastSwiftMigration = 1000;
						SystemCapabilities = {
							com.apple.Maps.iOS = {
								enabled = 1;
							};
						};
					};
					CD5B232E210A46540008A5A5 = {
						CreatedOnToolsVersion = 9.4.1;
						LastSwiftMigration = 1000;
						TestTargetID = CD3FCD2920E53BF00050C682;
					};
				};
			};
			buildConfigurationList = CD3FCD2520E53BF00050C682 /* Build configuration list for PBXProject "MeetMeApp" */;
			compatibilityVersion = "Xcode 9.3";
			developmentRegion = en;
			hasScannedForEncodings = 0;
			knownRegions = (
				en,
				Base,
			);
			mainGroup = CD3FCD2120E53BF00050C682;
			productRefGroup = CD3FCD2B20E53BF00050C682 /* Products */;
			projectDirPath = "";
			projectReferences = (
				{
					ProductGroup = CD5B233F210A4D970008A5A5 /* Products */;
					ProjectRef = CD5B233E210A4D970008A5A5 /* Sodium.xcodeproj */;
				},
			);
			projectRoot = "";
			targets = (
				CD3FCD2920E53BF00050C682 /* MeetMeApp */,
				CD5B232E210A46540008A5A5 /* MeetMeAppTests */,
			);
		};
/* End PBXProject section */

/* Begin PBXReferenceProxy section */
		CD5B2347210A4D970008A5A5 /* Sodium.framework */ = {
			isa = PBXReferenceProxy;
			fileType = wrapper.framework;
			path = Sodium.framework;
			remoteRef = CD5B2346210A4D970008A5A5 /* PBXContainerItemProxy */;
			sourceTree = BUILT_PRODUCTS_DIR;
		};
		CD5B2349210A4D970008A5A5 /* SodiumTests.xctest */ = {
			isa = PBXReferenceProxy;
			fileType = wrapper.cfbundle;
			path = SodiumTests.xctest;
			remoteRef = CD5B2348210A4D970008A5A5 /* PBXContainerItemProxy */;
			sourceTree = BUILT_PRODUCTS_DIR;
		};
		CD5B234B210A4D970008A5A5 /* Sodium.framework */ = {
			isa = PBXReferenceProxy;
			fileType = wrapper.framework;
			path = Sodium.framework;
			remoteRef = CD5B234A210A4D970008A5A5 /* PBXContainerItemProxy */;
			sourceTree = BUILT_PRODUCTS_DIR;
		};
		CD5B234D210A4D970008A5A5 /* Example iOS.app */ = {
			isa = PBXReferenceProxy;
			fileType = wrapper.application;
			path = "Example iOS.app";
			remoteRef = CD5B234C210A4D970008A5A5 /* PBXContainerItemProxy */;
			sourceTree = BUILT_PRODUCTS_DIR;
		};
		CD5B234F210A4D970008A5A5 /* Example OSX.app */ = {
			isa = PBXReferenceProxy;
			fileType = wrapper.application;
			path = "Example OSX.app";
			remoteRef = CD5B234E210A4D970008A5A5 /* PBXContainerItemProxy */;
			sourceTree = BUILT_PRODUCTS_DIR;
		};
/* End PBXReferenceProxy section */

/* Begin PBXResourcesBuildPhase section */
		CD3FCD2820E53BF00050C682 /* Resources */ = {
			isa = PBXResourcesBuildPhase;
			buildActionMask = 2147483647;
			files = (
				CD3FCD3820E53BF20050C682 /* LaunchScreen.storyboard in Resources */,
				CDBB36F92104C8B100EA090E /* MeetMeApp.storyboard in Resources */,
				CD3FCD3520E53BF20050C682 /* Assets.xcassets in Resources */,
				CD3FCD3320E53BF00050C682 /* Main.storyboard in Resources */,
			);
			runOnlyForDeploymentPostprocessing = 0;
		};
		CD5B232D210A46540008A5A5 /* Resources */ = {
			isa = PBXResourcesBuildPhase;
			buildActionMask = 2147483647;
			files = (
			);
			runOnlyForDeploymentPostprocessing = 0;
		};
/* End PBXResourcesBuildPhase section */

/* Begin PBXSourcesBuildPhase section */
		CD3FCD2620E53BF00050C682 /* Sources */ = {
			isa = PBXSourcesBuildPhase;
			buildActionMask = 2147483647;
			files = (
				CDB92B1620FBBF91005162B5 /* StatusLabelDesignable.swift in Sources */,
				CD8E00EE20EAF7E300B8155E /* LoginViewController.swift in Sources */,
				CD210A7220FEC74100C37568 /* StatusSenderProtocol.swift in Sources */,
				CD3FCD4320E5516A0050C682 /* NetworkController.swift in Sources */,
				CD210A7420FEC80700C37568 /* MainMenuViewController.swift in Sources */,
				CD3FCD4020E540040050C682 /* RegistrationViewController.swift in Sources */,
				CD3FCD4720E561190050C682 /* User.swift in Sources */,
				CD169B112113B4F0006D61C5 /* ShowMeetingSpaceViewController.swift in Sources */,
				CD791B08211796EC005BC304 /* MeetingSpacesTableViewController.swift in Sources */,
				CD791B0E21179B51005BC304 /* CurrentUserUITabView.swift in Sources */,
				CD3FCD4520E5562A0050C682 /* OpenServerNetworkController.swift in Sources */,
				CD8F7F2C2112582600C9080B /* PlaceManager.swift in Sources */,
				CD558B37210576C500D3C91E /* HideKeyboard.swift in Sources */,
				CD210A6B20FE84FB00C37568 /* ViewDesignable.swift in Sources */,
				CDBB36FF2104F5B100EA090E /* CreateMeetingSpaceViewController.swift in Sources */,
				CD210A6F20FE8D6700C37568 /* ButtonDesignable.swift in Sources */,
				CDBB370321051F6B00EA090E /* Place.swift in Sources */,
				CD3FCD2E20E53BF00050C682 /* AppDelegate.swift in Sources */,
				CDA0444120EFF120002F2F87 /* MapController.swift in Sources */,
				CDA0443E20EFED88002F2F87 /* MapViewController.swift in Sources */,
				CD36AED82116BF2100536AAF /* CustomColor.swift in Sources */,
				CD210A6D20FE8B5A00C37568 /* UITextFieldDesignable.swift in Sources */,
			);
			runOnlyForDeploymentPostprocessing = 0;
		};
		CD5B232B210A46540008A5A5 /* Sources */ = {
			isa = PBXSourcesBuildPhase;
			buildActionMask = 2147483647;
			files = (
				CD5B233D210A46ED0008A5A5 /* UserTest.swift in Sources */,
				CD5B233B210A46B20008A5A5 /* OpenServerControllerTest.swift in Sources */,
			);
			runOnlyForDeploymentPostprocessing = 0;
		};
/* End PBXSourcesBuildPhase section */

/* Begin PBXTargetDependency section */
		CD169B0E2113A9DC006D61C5 /* PBXTargetDependency */ = {
			isa = PBXTargetDependency;
			name = Sodium_iOS;
			targetProxy = CD169B0D2113A9DC006D61C5 /* PBXContainerItemProxy */;
		};
		CD5B2335210A46540008A5A5 /* PBXTargetDependency */ = {
			isa = PBXTargetDependency;
			target = CD3FCD2920E53BF00050C682 /* MeetMeApp */;
			targetProxy = CD5B2334210A46540008A5A5 /* PBXContainerItemProxy */;
		};
/* End PBXTargetDependency section */

/* Begin PBXVariantGroup section */
		CD3FCD3120E53BF00050C682 /* Main.storyboard */ = {
			isa = PBXVariantGroup;
			children = (
				CD3FCD3220E53BF00050C682 /* Base */,
			);
			name = Main.storyboard;
			sourceTree = "<group>";
		};
		CD3FCD3620E53BF20050C682 /* LaunchScreen.storyboard */ = {
			isa = PBXVariantGroup;
			children = (
				CD3FCD3720E53BF20050C682 /* Base */,
			);
			name = LaunchScreen.storyboard;
			sourceTree = "<group>";
		};
/* End PBXVariantGroup section */

/* Begin XCBuildConfiguration section */
		CD3FCD3A20E53BF20050C682 /* Debug */ = {
			isa = XCBuildConfiguration;
			buildSettings = {
				ALWAYS_SEARCH_USER_PATHS = NO;
				CLANG_ANALYZER_NONNULL = YES;
				CLANG_ANALYZER_NUMBER_OBJECT_CONVERSION = YES_AGGRESSIVE;
				CLANG_CXX_LANGUAGE_STANDARD = "gnu++14";
				CLANG_CXX_LIBRARY = "libc++";
				CLANG_ENABLE_MODULES = YES;
				CLANG_ENABLE_OBJC_ARC = YES;
				CLANG_ENABLE_OBJC_WEAK = YES;
				CLANG_WARN_BLOCK_CAPTURE_AUTORELEASING = YES;
				CLANG_WARN_BOOL_CONVERSION = YES;
				CLANG_WARN_COMMA = YES;
				CLANG_WARN_CONSTANT_CONVERSION = YES;
				CLANG_WARN_DEPRECATED_OBJC_IMPLEMENTATIONS = YES;
				CLANG_WARN_DIRECT_OBJC_ISA_USAGE = YES_ERROR;
				CLANG_WARN_DOCUMENTATION_COMMENTS = YES;
				CLANG_WARN_EMPTY_BODY = YES;
				CLANG_WARN_ENUM_CONVERSION = YES;
				CLANG_WARN_INFINITE_RECURSION = YES;
				CLANG_WARN_INT_CONVERSION = YES;
				CLANG_WARN_NON_LITERAL_NULL_CONVERSION = YES;
				CLANG_WARN_OBJC_IMPLICIT_RETAIN_SELF = YES;
				CLANG_WARN_OBJC_LITERAL_CONVERSION = YES;
				CLANG_WARN_OBJC_ROOT_CLASS = YES_ERROR;
				CLANG_WARN_RANGE_LOOP_ANALYSIS = YES;
				CLANG_WARN_STRICT_PROTOTYPES = YES;
				CLANG_WARN_SUSPICIOUS_MOVE = YES;
				CLANG_WARN_UNGUARDED_AVAILABILITY = YES_AGGRESSIVE;
				CLANG_WARN_UNREACHABLE_CODE = YES;
				CLANG_WARN__DUPLICATE_METHOD_MATCH = YES;
				CODE_SIGN_IDENTITY = "iPhone Developer";
				COPY_PHASE_STRIP = NO;
				DEBUG_INFORMATION_FORMAT = dwarf;
				ENABLE_STRICT_OBJC_MSGSEND = YES;
				ENABLE_TESTABILITY = YES;
				GCC_C_LANGUAGE_STANDARD = gnu11;
				GCC_DYNAMIC_NO_PIC = NO;
				GCC_NO_COMMON_BLOCKS = YES;
				GCC_OPTIMIZATION_LEVEL = 0;
				GCC_PREPROCESSOR_DEFINITIONS = (
					"DEBUG=1",
					"$(inherited)",
				);
				GCC_WARN_64_TO_32_BIT_CONVERSION = YES;
				GCC_WARN_ABOUT_RETURN_TYPE = YES_ERROR;
				GCC_WARN_UNDECLARED_SELECTOR = YES;
				GCC_WARN_UNINITIALIZED_AUTOS = YES_AGGRESSIVE;
				GCC_WARN_UNUSED_FUNCTION = YES;
				GCC_WARN_UNUSED_VARIABLE = YES;
				IPHONEOS_DEPLOYMENT_TARGET = 12.0;
				MTL_ENABLE_DEBUG_INFO = YES;
				ONLY_ACTIVE_ARCH = YES;
				SDKROOT = iphoneos;
				SWIFT_ACTIVE_COMPILATION_CONDITIONS = DEBUG;
				SWIFT_OPTIMIZATION_LEVEL = "-Onone";
				SWIFT_VERSION = 4.0;
			};
			name = Debug;
		};
		CD3FCD3B20E53BF20050C682 /* Release */ = {
			isa = XCBuildConfiguration;
			buildSettings = {
				ALWAYS_SEARCH_USER_PATHS = NO;
				CLANG_ANALYZER_NONNULL = YES;
				CLANG_ANALYZER_NUMBER_OBJECT_CONVERSION = YES_AGGRESSIVE;
				CLANG_CXX_LANGUAGE_STANDARD = "gnu++14";
				CLANG_CXX_LIBRARY = "libc++";
				CLANG_ENABLE_MODULES = YES;
				CLANG_ENABLE_OBJC_ARC = YES;
				CLANG_ENABLE_OBJC_WEAK = YES;
				CLANG_WARN_BLOCK_CAPTURE_AUTORELEASING = YES;
				CLANG_WARN_BOOL_CONVERSION = YES;
				CLANG_WARN_COMMA = YES;
				CLANG_WARN_CONSTANT_CONVERSION = YES;
				CLANG_WARN_DEPRECATED_OBJC_IMPLEMENTATIONS = YES;
				CLANG_WARN_DIRECT_OBJC_ISA_USAGE = YES_ERROR;
				CLANG_WARN_DOCUMENTATION_COMMENTS = YES;
				CLANG_WARN_EMPTY_BODY = YES;
				CLANG_WARN_ENUM_CONVERSION = YES;
				CLANG_WARN_INFINITE_RECURSION = YES;
				CLANG_WARN_INT_CONVERSION = YES;
				CLANG_WARN_NON_LITERAL_NULL_CONVERSION = YES;
				CLANG_WARN_OBJC_IMPLICIT_RETAIN_SELF = YES;
				CLANG_WARN_OBJC_LITERAL_CONVERSION = YES;
				CLANG_WARN_OBJC_ROOT_CLASS = YES_ERROR;
				CLANG_WARN_RANGE_LOOP_ANALYSIS = YES;
				CLANG_WARN_STRICT_PROTOTYPES = YES;
				CLANG_WARN_SUSPICIOUS_MOVE = YES;
				CLANG_WARN_UNGUARDED_AVAILABILITY = YES_AGGRESSIVE;
				CLANG_WARN_UNREACHABLE_CODE = YES;
				CLANG_WARN__DUPLICATE_METHOD_MATCH = YES;
				CODE_SIGN_IDENTITY = "iPhone Developer";
				COPY_PHASE_STRIP = NO;
				DEBUG_INFORMATION_FORMAT = "dwarf-with-dsym";
				ENABLE_NS_ASSERTIONS = NO;
				ENABLE_STRICT_OBJC_MSGSEND = YES;
				GCC_C_LANGUAGE_STANDARD = gnu11;
				GCC_NO_COMMON_BLOCKS = YES;
				GCC_WARN_64_TO_32_BIT_CONVERSION = YES;
				GCC_WARN_ABOUT_RETURN_TYPE = YES_ERROR;
				GCC_WARN_UNDECLARED_SELECTOR = YES;
				GCC_WARN_UNINITIALIZED_AUTOS = YES_AGGRESSIVE;
				GCC_WARN_UNUSED_FUNCTION = YES;
				GCC_WARN_UNUSED_VARIABLE = YES;
				IPHONEOS_DEPLOYMENT_TARGET = 12.0;
				MTL_ENABLE_DEBUG_INFO = NO;
				SDKROOT = iphoneos;
				SWIFT_COMPILATION_MODE = wholemodule;
				SWIFT_OPTIMIZATION_LEVEL = "-O";
				SWIFT_VERSION = 4.0;
				VALIDATE_PRODUCT = YES;
			};
			name = Release;
		};
		CD3FCD3D20E53BF20050C682 /* Debug */ = {
			isa = XCBuildConfiguration;
			buildSettings = {
				ALWAYS_EMBED_SWIFT_STANDARD_LIBRARIES = YES;
				ASSETCATALOG_COMPILER_APPICON_NAME = AppIcon;
				CODE_SIGN_STYLE = Automatic;
				DEVELOPMENT_TEAM = F9M646C2A7;
				INFOPLIST_FILE = MeetMeApp/Info.plist;
				IPHONEOS_DEPLOYMENT_TARGET = 12.0;
				LD_RUNPATH_SEARCH_PATHS = (
					"$(inherited)",
					"@executable_path/Frameworks",
				);
				PRODUCT_BUNDLE_IDENTIFIER = uclan.MeetMeApp;
				PRODUCT_NAME = "$(TARGET_NAME)";
				SWIFT_VERSION = 4.2;
				TARGETED_DEVICE_FAMILY = 1;
			};
			name = Debug;
		};
		CD3FCD3E20E53BF20050C682 /* Release */ = {
			isa = XCBuildConfiguration;
			buildSettings = {
				ALWAYS_EMBED_SWIFT_STANDARD_LIBRARIES = YES;
				ASSETCATALOG_COMPILER_APPICON_NAME = AppIcon;
				CODE_SIGN_STYLE = Automatic;
				DEVELOPMENT_TEAM = F9M646C2A7;
				INFOPLIST_FILE = MeetMeApp/Info.plist;
				IPHONEOS_DEPLOYMENT_TARGET = 12.0;
				LD_RUNPATH_SEARCH_PATHS = (
					"$(inherited)",
					"@executable_path/Frameworks",
				);
				PRODUCT_BUNDLE_IDENTIFIER = uclan.MeetMeApp;
				PRODUCT_NAME = "$(TARGET_NAME)";
				SWIFT_VERSION = 4.2;
				TARGETED_DEVICE_FAMILY = 1;
			};
			name = Release;
		};
		CD5B2336210A46540008A5A5 /* Debug */ = {
			isa = XCBuildConfiguration;
			buildSettings = {
				BUNDLE_LOADER = "$(TEST_HOST)";
				CLANG_ENABLE_MODULES = YES;
				CODE_SIGN_STYLE = Automatic;
				DEVELOPMENT_TEAM = F9M646C2A7;
				INFOPLIST_FILE = MeetMeAppTests/Info.plist;
				IPHONEOS_DEPLOYMENT_TARGET = 12.0;
				LD_RUNPATH_SEARCH_PATHS = (
					"$(inherited)",
					"@executable_path/Frameworks",
					"@loader_path/Frameworks",
				);
				PRODUCT_BUNDLE_IDENTIFIER = uclan.MeetMeAppTests;
				PRODUCT_NAME = "$(TARGET_NAME)";
				SWIFT_OPTIMIZATION_LEVEL = "-Onone";
				SWIFT_VERSION = 4.2;
				TARGETED_DEVICE_FAMILY = "1,2";
				TEST_HOST = "$(BUILT_PRODUCTS_DIR)/MeetMeApp.app/MeetMeApp";
			};
			name = Debug;
		};
		CD5B2337210A46540008A5A5 /* Release */ = {
			isa = XCBuildConfiguration;
			buildSettings = {
				BUNDLE_LOADER = "$(TEST_HOST)";
				CLANG_ENABLE_MODULES = YES;
				CODE_SIGN_STYLE = Automatic;
				DEVELOPMENT_TEAM = F9M646C2A7;
				INFOPLIST_FILE = MeetMeAppTests/Info.plist;
				IPHONEOS_DEPLOYMENT_TARGET = 12.0;
				LD_RUNPATH_SEARCH_PATHS = (
					"$(inherited)",
					"@executable_path/Frameworks",
					"@loader_path/Frameworks",
				);
				PRODUCT_BUNDLE_IDENTIFIER = uclan.MeetMeAppTests;
				PRODUCT_NAME = "$(TARGET_NAME)";
				SWIFT_VERSION = 4.2;
				TARGETED_DEVICE_FAMILY = "1,2";
				TEST_HOST = "$(BUILT_PRODUCTS_DIR)/MeetMeApp.app/MeetMeApp";
			};
			name = Release;
		};
/* End XCBuildConfiguration section */

/* Begin XCConfigurationList section */
		CD3FCD2520E53BF00050C682 /* Build configuration list for PBXProject "MeetMeApp" */ = {
			isa = XCConfigurationList;
			buildConfigurations = (
				CD3FCD3A20E53BF20050C682 /* Debug */,
				CD3FCD3B20E53BF20050C682 /* Release */,
			);
			defaultConfigurationIsVisible = 0;
			defaultConfigurationName = Release;
		};
		CD3FCD3C20E53BF20050C682 /* Build configuration list for PBXNativeTarget "MeetMeApp" */ = {
			isa = XCConfigurationList;
			buildConfigurations = (
				CD3FCD3D20E53BF20050C682 /* Debug */,
				CD3FCD3E20E53BF20050C682 /* Release */,
			);
			defaultConfigurationIsVisible = 0;
			defaultConfigurationName = Release;
		};
		CD5B2338210A46540008A5A5 /* Build configuration list for PBXNativeTarget "MeetMeAppTests" */ = {
			isa = XCConfigurationList;
			buildConfigurations = (
				CD5B2336210A46540008A5A5 /* Debug */,
				CD5B2337210A46540008A5A5 /* Release */,
			);
			defaultConfigurationIsVisible = 0;
			defaultConfigurationName = Release;
		};
/* End XCConfigurationList section */
	};
	rootObject = CD3FCD2220E53BF00050C682 /* Project object */;
}
